
Microsoft Visual Studio Solution File, Format Version 12.00
# Visual Studio Version 17
VisualStudioVersion = 17.11.35327.3
MinimumVisualStudioVersion = 10.0.40219.1
Project("{FAE04EC0-301F-11D3-BF4B-00C04F79EFBC}") = "holberton-CRM", "holberton-CRM.csproj", "{29B756C2-3E96-4FB0-9F7B-E2C55D0222DB}"
EndProject
Global
	GlobalSection(SolutionConfigurationPlatforms) = preSolution
		Debug|Any CPU = Debug|Any CPU
		Release|Any CPU = Release|Any CPU
	EndGlobalSection
	GlobalSection(ProjectConfigurationPlatforms) = postSolution
		{29B756C2-3E96-4FB0-9F7B-E2C55D0222DB}.Debug|Any CPU.ActiveCfg = Debug|Any CPU
		{29B756C2-3E96-4FB0-9F7B-E2C55D0222DB}.Debug|Any CPU.Build.0 = Debug|Any CPU
		{29B756C2-3E96-4FB0-9F7B-E2C55D0222DB}.Release|Any CPU.ActiveCfg = Release|Any CPU
		{29B756C2-3E96-4FB0-9F7B-E2C55D0222DB}.Release|Any CPU.Build.0 = Release|Any CPU
	EndGlobalSection
	GlobalSection(SolutionProperties) = preSolution
		HideSolutionNode = FALSE
	EndGlobalSection
	GlobalSection(ExtensibilityGlobals) = postSolution
		SolutionGuid = {0E849DF9-F206-4E25-A039-60C9BBF6DC3E}
	EndGlobalSection
EndGlobal
